// !$*UTF8*$!
{
	archiveVersion = 1;
	classes = {
	};
	objectVersion = 56;
	objects = {

/* Begin PBXBuildFile section */
		9ACCE2FF29F78B9F009E669B /* AppDelegate.swift in Sources */ = {isa = PBXBuildFile; fileRef = 9ACCE2FE29F78B9F009E669B /* AppDelegate.swift */; };
		9ACCE30129F78B9F009E669B /* SceneDelegate.swift in Sources */ = {isa = PBXBuildFile; fileRef = 9ACCE30029F78B9F009E669B /* SceneDelegate.swift */; };
		9ACCE30329F78B9F009E669B /* ViewController.swift in Sources */ = {isa = PBXBuildFile; fileRef = 9ACCE30229F78B9F009E669B /* ViewController.swift */; };
		9ACCE30629F78B9F009E669B /* Main.storyboard in Resources */ = {isa = PBXBuildFile; fileRef = 9ACCE30429F78B9F009E669B /* Main.storyboard */; };
		9ACCE30829F78BA0009E669B /* Assets.xcassets in Resources */ = {isa = PBXBuildFile; fileRef = 9ACCE30729F78BA0009E669B /* Assets.xcassets */; };
		9ACCE30B29F78BA0009E669B /* LaunchScreen.storyboard in Resources */ = {isa = PBXBuildFile; fileRef = 9ACCE30929F78BA0009E669B /* LaunchScreen.storyboard */; };
		9ACCE31629F78BA0009E669B /* I_am_RishTests.swift in Sources */ = {isa = PBXBuildFile; fileRef = 9ACCE31529F78BA0009E669B /* I_am_RishTests.swift */; };
		9ACCE32029F78BA0009E669B /* I_am_RishUITests.swift in Sources */ = {isa = PBXBuildFile; fileRef = 9ACCE31F29F78BA0009E669B /* I_am_RishUITests.swift */; };
		9ACCE32229F78BA0009E669B /* I_am_RishUITestsLaunchTests.swift in Sources */ = {isa = PBXBuildFile; fileRef = 9ACCE32129F78BA0009E669B /* I_am_RishUITestsLaunchTests.swift */; };
/* End PBXBuildFile section */

/* Begin PBXContainerItemProxy section */
		9ACCE31229F78BA0009E669B /* PBXContainerItemProxy */ = {
			isa = PBXContainerItemProxy;
			containerPortal = 9ACCE2F329F78B9F009E669B /* Project object */;
			proxyType = 1;
			remoteGlobalIDString = 9ACCE2FA29F78B9F009E669B;
			remoteInfo = "I am Rish";
		};
		9ACCE31C29F78BA0009E669B /* PBXContainerItemProxy */ = {
			isa = PBXContainerItemProxy;
			containerPortal = 9ACCE2F329F78B9F009E669B /* Project object */;
			proxyType = 1;
			remoteGlobalIDString = 9ACCE2FA29F78B9F009E669B;
			remoteInfo = "I am Rish";
		};
/* End PBXContainerItemProxy section */

/* Begin PBXFileReference section */
		9ACCE2FB29F78B9F009E669B /* I am Rish.app */ = {isa = PBXFileReference; explicitFileType = wrapper.application; includeInIndex = 0; path = "I am Rish.app"; sourceTree = BUILT_PRODUCTS_DIR; };
		9ACCE2FE29F78B9F009E669B /* AppDelegate.swift */ = {isa = PBXFileReference; lastKnownFileType = sourcecode.swift; path = AppDelegate.swift; sourceTree = "<group>"; };
		9ACCE30029F78B9F009E669B /* SceneDelegate.swift */ = {isa = PBXFileReference; lastKnownFileType = sourcecode.swift; path = SceneDelegate.swift; sourceTree = "<group>"; };
		9ACCE30229F78B9F009E669B /* ViewController.swift */ = {isa = PBXFileReference; lastKnownFileType = sourcecode.swift; path = ViewController.swift; sourceTree = "<group>"; };
		9ACCE30529F78B9F009E669B /* Base */ = {isa = PBXFileReference; lastKnownFileType = file.storyboard; name = Base; path = Base.lproj/Main.storyboard; sourceTree = "<group>"; };
		9ACCE30729F78BA0009E669B /* Assets.xcassets */ = {isa = PBXFileReference; lastKnownFileType = folder.assetcatalog; path = Assets.xcassets; sourceTree = "<group>"; };
		9ACCE30A29F78BA0009E669B /* Base */ = {isa = PBXFileReference; lastKnownFileType = file.storyboard; name = Base; path = Base.lproj/LaunchScreen.storyboard; sourceTree = "<group>"; };
		9ACCE30C29F78BA0009E669B /* Info.plist */ = {isa = PBXFileReference; lastKnownFileType = text.plist.xml; path = Info.plist; sourceTree = "<group>"; };
		9ACCE31129F78BA0009E669B /* I am RishTests.xctest */ = {isa = PBXFileReference; explicitFileType = wrapper.cfbundle; includeInIndex = 0; path = "I am RishTests.xctest"; sourceTree = BUILT_PRODUCTS_DIR; };
		9ACCE31529F78BA0009E669B /* I_am_RishTests.swift */ = {isa = PBXFileReference; lastKnownFileType = sourcecode.swift; path = I_am_RishTests.swift; sourceTree = "<group>"; };
		9ACCE31B29F78BA0009E669B /* I am RishUITests.xctest */ = {isa = PBXFileReference; explicitFileType = wrapper.cfbundle; includeInIndex = 0; path = "I am RishUITests.xctest"; sourceTree = BUILT_PRODUCTS_DIR; };
		9ACCE31F29F78BA0009E669B /* I_am_RishUITests.swift */ = {isa = PBXFileReference; lastKnownFileType = sourcecode.swift; path = I_am_RishUITests.swift; sourceTree = "<group>"; };
		9ACCE32129F78BA0009E669B /* I_am_RishUITestsLaunchTests.swift */ = {isa = PBXFileReference; lastKnownFileType = sourcecode.swift; path = I_am_RishUITestsLaunchTests.swift; sourceTree = "<group>"; };
/* End PBXFileReference section */

/* Begin PBXFrameworksBuildPhase section */
		9ACCE2F829F78B9F009E669B /* Frameworks */ = {
			isa = PBXFrameworksBuildPhase;
			buildActionMask = 2147483647;
			files = (
			);
			runOnlyForDeploymentPostprocessing = 0;
		};
		9ACCE30E29F78BA0009E669B /* Frameworks */ = {
			isa = PBXFrameworksBuildPhase;
			buildActionMask = 2147483647;
			files = (
			);
			runOnlyForDeploymentPostprocessing = 0;
		};
		9ACCE31829F78BA0009E669B /* Frameworks */ = {
			isa = PBXFrameworksBuildPhase;
			buildActionMask = 2147483647;
			files = (
			);
			runOnlyForDeploymentPostprocessing = 0;
		};
/* End PBXFrameworksBuildPhase section */

/* Begin PBXGroup section */
		9ACCE2F229F78B9F009E669B = {
			isa = PBXGroup;
			children = (
				9ACCE2FD29F78B9F009E669B /* I am Rish */,
				9ACCE31429F78BA0009E669B /* I am RishTests */,
				9ACCE31E29F78BA0009E669B /* I am RishUITests */,
				9ACCE2FC29F78B9F009E669B /* Products */,
			);
			sourceTree = "<group>";
		};
		9ACCE2FC29F78B9F009E669B /* Products */ = {
			isa = PBXGroup;
			children = (
				9ACCE2FB29F78B9F009E669B /* I am Rish.app */,
				9ACCE31129F78BA0009E669B /* I am RishTests.xctest */,
				9ACCE31B29F78BA0009E669B /* I am RishUITests.xctest */,
			);
			name = Products;
			sourceTree = "<group>";
		};
		9ACCE2FD29F78B9F009E669B /* I am Rish */ = {
			isa = PBXGroup;
			children = (
				9ACCE2FE29F78B9F009E669B /* AppDelegate.swift */,
				9ACCE30029F78B9F009E669B /* SceneDelegate.swift */,
				9ACCE30229F78B9F009E669B /* ViewController.swift */,
				9ACCE30429F78B9F009E669B /* Main.storyboard */,
				9ACCE30729F78BA0009E669B /* Assets.xcassets */,
				9ACCE30929F78BA0009E669B /* LaunchScreen.storyboard */,
				9ACCE30C29F78BA0009E669B /* Info.plist */,
			);
			path = "I am Rish";
			sourceTree = "<group>";
		};
		9ACCE31429F78BA0009E669B /* I am RishTests */ = {
			isa = PBXGroup;
			children = (
				9ACCE31529F78BA0009E669B /* I_am_RishTests.swift */,
			);
			path = "I am RishTests";
			sourceTree = "<group>";
		};
		9ACCE31E29F78BA0009E669B /* I am RishUITests */ = {
			isa = PBXGroup;
			children = (
				9ACCE31F29F78BA0009E669B /* I_am_RishUITests.swift */,
				9ACCE32129F78BA0009E669B /* I_am_RishUITestsLaunchTests.swift */,
			);
			path = "I am RishUITests";
			sourceTree = "<group>";
		};
/* End PBXGroup section */

/* Begin PBXNativeTarget section */
		9ACCE2FA29F78B9F009E669B /* I am Rish */ = {
			isa = PBXNativeTarget;
			buildConfigurationList = 9ACCE32529F78BA0009E669B /* Build configuration list for PBXNativeTarget "I am Rish" */;
			buildPhases = (
				9ACCE2F729F78B9F009E669B /* Sources */,
				9ACCE2F829F78B9F009E669B /* Frameworks */,
				9ACCE2F929F78B9F009E669B /* Resources */,
			);
			buildRules = (
			);
			dependencies = (
			);
			name = "I am Rish";
			productName = "I am Rish";
			productReference = 9ACCE2FB29F78B9F009E669B /* I am Rish.app */;
			productType = "com.apple.product-type.application";
		};
		9ACCE31029F78BA0009E669B /* I am RishTests */ = {
			isa = PBXNativeTarget;
			buildConfigurationList = 9ACCE32829F78BA0009E669B /* Build configuration list for PBXNativeTarget "I am RishTests" */;
			buildPhases = (
				9ACCE30D29F78BA0009E669B /* Sources */,
				9ACCE30E29F78BA0009E669B /* Frameworks */,
				9ACCE30F29F78BA0009E669B /* Resources */,
			);
			buildRules = (
			);
			dependencies = (
				9ACCE31329F78BA0009E669B /* PBXTargetDependency */,
			);
			name = "I am RishTests";
			productName = "I am RishTests";
			productReference = 9ACCE31129F78BA0009E669B /* I am RishTests.xctest */;
			productType = "com.apple.product-type.bundle.unit-test";
		};
		9ACCE31A29F78BA0009E669B /* I am RishUITests */ = {
			isa = PBXNativeTarget;
			buildConfigurationList = 9ACCE32B29F78BA0009E669B /* Build configuration list for PBXNativeTarget "I am RishUITests" */;
			buildPhases = (
				9ACCE31729F78BA0009E669B /* Sources */,
				9ACCE31829F78BA0009E669B /* Frameworks */,
				9ACCE31929F78BA0009E669B /* Resources */,
			);
			buildRules = (
			);
			dependencies = (
				9ACCE31D29F78BA0009E669B /* PBXTargetDependency */,
			);
			name = "I am RishUITests";
			productName = "I am RishUITests";
			productReference = 9ACCE31B29F78BA0009E669B /* I am RishUITests.xctest */;
			productType = "com.apple.product-type.bundle.ui-testing";
		};
/* End PBXNativeTarget section */

/* Begin PBXProject section */
		9ACCE2F329F78B9F009E669B /* Project object */ = {
			isa = PBXProject;
			attributes = {
				BuildIndependentTargetsInParallel = 1;
				LastSwiftUpdateCheck = 1430;
				LastUpgradeCheck = 1430;
				TargetAttributes = {
					9ACCE2FA29F78B9F009E669B = {
						CreatedOnToolsVersion = 14.3;
					};
					9ACCE31029F78BA0009E669B = {
						CreatedOnToolsVersion = 14.3;
						TestTargetID = 9ACCE2FA29F78B9F009E669B;
					};
					9ACCE31A29F78BA0009E669B = {
						CreatedOnToolsVersion = 14.3;
						TestTargetID = 9ACCE2FA29F78B9F009E669B;
					};
				};
			};
			buildConfigurationList = 9ACCE2F629F78B9F009E669B /* Build configuration list for PBXProject "I am Rish" */;
			compatibilityVersion = "Xcode 14.0";
			developmentRegion = en;
			hasScannedForEncodings = 0;
			knownRegions = (
				en,
				Base,
			);
			mainGroup = 9ACCE2F229F78B9F009E669B;
			productRefGroup = 9ACCE2FC29F78B9F009E669B /* Products */;
			projectDirPath = "";
			projectRoot = "";
			targets = (
				9ACCE2FA29F78B9F009E669B /* I am Rish */,
				9ACCE31029F78BA0009E669B /* I am RishTests */,
				9ACCE31A29F78BA0009E669B /* I am RishUITests */,
			);
		};
/* End PBXProject section */

/* Begin PBXResourcesBuildPhase section */
		9ACCE2F929F78B9F009E669B /* Resources */ = {
			isa = PBXResourcesBuildPhase;
			buildActionMask = 2147483647;
			files = (
				9ACCE30B29F78BA0009E669B /* LaunchScreen.storyboard in Resources */,
				9ACCE30829F78BA0009E669B /* Assets.xcassets in Resources */,
				9ACCE30629F78B9F009E669B /* Main.storyboard in Resources */,
			);
			runOnlyForDeploymentPostprocessing = 0;
		};
		9ACCE30F29F78BA0009E669B /* Resources */ = {
			isa = PBXResourcesBuildPhase;
			buildActionMask = 2147483647;
			files = (
			);
			runOnlyForDeploymentPostprocessing = 0;
		};
		9ACCE31929F78BA0009E669B /* Resources */ = {
			isa = PBXResourcesBuildPhase;
			buildActionMask = 2147483647;
			files = (
			);
			runOnlyForDeploymentPostprocessing = 0;
		};
/* End PBXResourcesBuildPhase section */

/* Begin PBXSourcesBuildPhase section */
		9ACCE2F729F78B9F009E669B /* Sources */ = {
			isa = PBXSourcesBuildPhase;
			buildActionMask = 2147483647;
			files = (
				9ACCE30329F78B9F009E669B /* ViewController.swift in Sources */,
				9ACCE2FF29F78B9F009E669B /* AppDelegate.swift in Sources */,
				9ACCE30129F78B9F009E669B /* SceneDelegate.swift in Sources */,
			);
			runOnlyForDeploymentPostprocessing = 0;
		};
		9ACCE30D29F78BA0009E669B /* Sources */ = {
			isa = PBXSourcesBuildPhase;
			buildActionMask = 2147483647;
			files = (
				9ACCE31629F78BA0009E669B /* I_am_RishTests.swift in Sources */,
			);
			runOnlyForDeploymentPostprocessing = 0;
		};
		9ACCE31729F78BA0009E669B /* Sources */ = {
			isa = PBXSourcesBuildPhase;
			buildActionMask = 2147483647;
			files = (
				9ACCE32229F78BA0009E669B /* I_am_RishUITestsLaunchTests.swift in Sources */,
				9ACCE32029F78BA0009E669B /* I_am_RishUITests.swift in Sources */,
			);
			runOnlyForDeploymentPostprocessing = 0;
		};
/* End PBXSourcesBuildPhase section */

/* Begin PBXTargetDependency section */
		9ACCE31329F78BA0009E669B /* PBXTargetDependency */ = {
			isa = PBXTargetDependency;
			target = 9ACCE2FA29F78B9F009E669B /* I am Rish */;
			targetProxy = 9ACCE31229F78BA0009E669B /* PBXContainerItemProxy */;
		};
		9ACCE31D29F78BA0009E669B /* PBXTargetDependency */ = {
			isa = PBXTargetDependency;
			target = 9ACCE2FA29F78B9F009E669B /* I am Rish */;
			targetProxy = 9ACCE31C29F78BA0009E669B /* PBXContainerItemProxy */;
		};
/* End PBXTargetDependency section */

/* Begin PBXVariantGroup section */
		9ACCE30429F78B9F009E669B /* Main.storyboard */ = {
			isa = PBXVariantGroup;
			children = (
				9ACCE30529F78B9F009E669B /* Base */,
			);
			name = Main.storyboard;
			sourceTree = "<group>";
		};
		9ACCE30929F78BA0009E669B /* LaunchScreen.storyboard */ = {
			isa = PBXVariantGroup;
			children = (
				9ACCE30A29F78BA0009E669B /* Base */,
			);
			name = LaunchScreen.storyboard;
			sourceTree = "<group>";
		};
/* End PBXVariantGroup section */

/* Begin XCBuildConfiguration section */
		9ACCE32329F78BA0009E669B /* Debug */ = {
			isa = XCBuildConfiguration;
			buildSettings = {
				ALWAYS_SEARCH_USER_PATHS = NO;
				CLANG_ANALYZER_NONNULL = YES;
				CLANG_ANALYZER_NUMBER_OBJECT_CONVERSION = YES_AGGRESSIVE;
				CLANG_CXX_LANGUAGE_STANDARD = "gnu++20";
				CLANG_ENABLE_MODULES = YES;
				CLANG_ENABLE_OBJC_ARC = YES;
				CLANG_ENABLE_OBJC_WEAK = YES;
				CLANG_WARN_BLOCK_CAPTURE_AUTORELEASING = YES;
				CLANG_WARN_BOOL_CONVERSION = YES;
				CLANG_WARN_COMMA = YES;
				CLANG_WARN_CONSTANT_CONVERSION = YES;
				CLANG_WARN_DEPRECATED_OBJC_IMPLEMENTATIONS = YES;
				CLANG_WARN_DIRECT_OBJC_ISA_USAGE = YES_ERROR;
				CLANG_WARN_DOCUMENTATION_COMMENTS = YES;
				CLANG_WARN_EMPTY_BODY = YES;
				CLANG_WARN_ENUM_CONVERSION = YES;
				CLANG_WARN_INFINITE_RECURSION = YES;
				CLANG_WARN_INT_CONVERSION = YES;
				CLANG_WARN_NON_LITERAL_NULL_CONVERSION = YES;
				CLANG_WARN_OBJC_IMPLICIT_RETAIN_SELF = YES;
				CLANG_WARN_OBJC_LITERAL_CONVERSION = YES;
				CLANG_WARN_OBJC_ROOT_CLASS = YES_ERROR;
				CLANG_WARN_QUOTED_INCLUDE_IN_FRAMEWORK_HEADER = YES;
				CLANG_WARN_RANGE_LOOP_ANALYSIS = YES;
				CLANG_WARN_STRICT_PROTOTYPES = YES;
				CLANG_WARN_SUSPICIOUS_MOVE = YES;
				CLANG_WARN_UNGUARDED_AVAILABILITY = YES_AGGRESSIVE;
				CLANG_WARN_UNREACHABLE_CODE = YES;
				CLANG_WARN__DUPLICATE_METHOD_MATCH = YES;
				COPY_PHASE_STRIP = NO;
				DEBUG_INFORMATION_FORMAT = dwarf;
				ENABLE_STRICT_OBJC_MSGSEND = YES;
				ENABLE_TESTABILITY = YES;
				GCC_C_LANGUAGE_STANDARD = gnu11;
				GCC_DYNAMIC_NO_PIC = NO;
				GCC_NO_COMMON_BLOCKS = YES;
				GCC_OPTIMIZATION_LEVEL = 0;
				GCC_PREPROCESSOR_DEFINITIONS = (
					"DEBUG=1",
					"$(inherited)",
				);
				GCC_WARN_64_TO_32_BIT_CONVERSION = YES;
				GCC_WARN_ABOUT_RETURN_TYPE = YES_ERROR;
				GCC_WARN_UNDECLARED_SELECTOR = YES;
				GCC_WARN_UNINITIALIZED_AUTOS = YES_AGGRESSIVE;
				GCC_WARN_UNUSED_FUNCTION = YES;
				GCC_WARN_UNUSED_VARIABLE = YES;
				IPHONEOS_DEPLOYMENT_TARGET = 16.4;
				MTL_ENABLE_DEBUG_INFO = INCLUDE_SOURCE;
				MTL_FAST_MATH = YES;
				ONLY_ACTIVE_ARCH = YES;
				SDKROOT = iphoneos;
				SWIFT_ACTIVE_COMPILATION_CONDITIONS = DEBUG;
				SWIFT_OPTIMIZATION_LEVEL = "-Onone";
			};
			name = Debug;
		};
		9ACCE32429F78BA0009E669B /* Release */ = {
			isa = XCBuildConfiguration;
			buildSettings = {
				ALWAYS_SEARCH_USER_PATHS = NO;
				CLANG_ANALYZER_NONNULL = YES;
				CLANG_ANALYZER_NUMBER_OBJECT_CONVERSION = YES_AGGRESSIVE;
				CLANG_CXX_LANGUAGE_STANDARD = "gnu++20";
				CLANG_ENABLE_MODULES = YES;
				CLANG_ENABLE_OBJC_ARC = YES;
				CLANG_ENABLE_OBJC_WEAK = YES;
				CLANG_WARN_BLOCK_CAPTURE_AUTORELEASING = YES;
				CLANG_WARN_BOOL_CONVERSION = YES;
				CLANG_WARN_COMMA = YES;
				CLANG_WARN_CONSTANT_CONVERSION = YES;
				CLANG_WARN_DEPRECATED_OBJC_IMPLEMENTATIONS = YES;
				CLANG_WARN_DIRECT_OBJC_ISA_USAGE = YES_ERROR;
				CLANG_WARN_DOCUMENTATION_COMMENTS = YES;
				CLANG_WARN_EMPTY_BODY = YES;
				CLANG_WARN_ENUM_CONVERSION = YES;
				CLANG_WARN_INFINITE_RECURSION = YES;
				CLANG_WARN_INT_CONVERSION = YES;
				CLANG_WARN_NON_LITERAL_NULL_CONVERSION = YES;
				CLANG_WARN_OBJC_IMPLICIT_RETAIN_SELF = YES;
				CLANG_WARN_OBJC_LITERAL_CONVERSION = YES;
				CLANG_WARN_OBJC_ROOT_CLASS = YES_ERROR;
				CLANG_WARN_QUOTED_INCLUDE_IN_FRAMEWORK_HEADER = YES;
				CLANG_WARN_RANGE_LOOP_ANALYSIS = YES;
				CLANG_WARN_STRICT_PROTOTYPES = YES;
				CLANG_WARN_SUSPICIOUS_MOVE = YES;
				CLANG_WARN_UNGUARDED_AVAILABILITY = YES_AGGRESSIVE;
				CLANG_WARN_UNREACHABLE_CODE = YES;
				CLANG_WARN__DUPLICATE_METHOD_MATCH = YES;
				COPY_PHASE_STRIP = NO;
				DEBUG_INFORMATION_FORMAT = "dwarf-with-dsym";
				ENABLE_NS_ASSERTIONS = NO;
				ENABLE_STRICT_OBJC_MSGSEND = YES;
				GCC_C_LANGUAGE_STANDARD = gnu11;
				GCC_NO_COMMON_BLOCKS = YES;
				GCC_WARN_64_TO_32_BIT_CONVERSION = YES;
				GCC_WARN_ABOUT_RETURN_TYPE = YES_ERROR;
				GCC_WARN_UNDECLARED_SELECTOR = YES;
				GCC_WARN_UNINITIALIZED_AUTOS = YES_AGGRESSIVE;
				GCC_WARN_UNUSED_FUNCTION = YES;
				GCC_WARN_UNUSED_VARIABLE = YES;
				IPHONEOS_DEPLOYMENT_TARGET = 16.4;
				MTL_ENABLE_DEBUG_INFO = NO;
				MTL_FAST_MATH = YES;
				SDKROOT = iphoneos;
				SWIFT_COMPILATION_MODE = wholemodule;
				SWIFT_OPTIMIZATION_LEVEL = "-O";
				VALIDATE_PRODUCT = YES;
			};
			name = Release;
		};
		9ACCE32629F78BA0009E669B /* Debug */ = {
			isa = XCBuildConfiguration;
			buildSettings = {
				ASSETCATALOG_COMPILER_APPICON_NAME = AppIcon;
				ASSETCATALOG_COMPILER_GLOBAL_ACCENT_COLOR_NAME = AccentColor;
				CODE_SIGN_STYLE = Automatic;
				CURRENT_PROJECT_VERSION = 1;
				GENERATE_INFOPLIST_FILE = YES;
				INFOPLIST_FILE = "I am Rish/Info.plist";
				INFOPLIST_KEY_UIApplicationSupportsIndirectInputEvents = YES;
				INFOPLIST_KEY_UILaunchStoryboardName = LaunchScreen;
				INFOPLIST_KEY_UIMainStoryboardFile = Main;
				INFOPLIST_KEY_UISupportedInterfaceOrientations_iPad = "UIInterfaceOrientationPortrait UIInterfaceOrientationPortraitUpsideDown UIInterfaceOrientationLandscapeLeft UIInterfaceOrientationLandscapeRight";
				INFOPLIST_KEY_UISupportedInterfaceOrientations_iPhone = "UIInterfaceOrientationPortrait UIInterfaceOrientationLandscapeLeft UIInterfaceOrientationLandscapeRight";
				LD_RUNPATH_SEARCH_PATHS = (
					"$(inherited)",
					"@executable_path/Frameworks",
				);
				MARKETING_VERSION = 1.0;
				PRODUCT_BUNDLE_IDENTIFIER = "dev.raphaelmartins.I-am-Rish";
				PRODUCT_NAME = "$(TARGET_NAME)";
				SWIFT_EMIT_LOC_STRINGS = YES;
				SWIFT_VERSION = 5.0;
				TARGETED_DEVICE_FAMILY = "1,2";
			};
			name = Debug;
		};
		9ACCE32729F78BA0009E669B /* Release */ = {
			isa = XCBuildConfiguration;
			buildSettings = {
				ASSETCATALOG_COMPILER_APPICON_NAME = AppIcon;
				ASSETCATALOG_COMPILER_GLOBAL_ACCENT_COLOR_NAME = AccentColor;
				CODE_SIGN_STYLE = Automatic;
				CURRENT_PROJECT_VERSION = 1;
				GENERATE_INFOPLIST_FILE = YES;
				INFOPLIST_FILE = "I am Rish/Info.plist";
				INFOPLIST_KEY_UIApplicationSupportsIndirectInputEvents = YES;
				INFOPLIST_KEY_UILaunchStoryboardName = LaunchScreen;
				INFOPLIST_KEY_UIMainStoryboardFile = Main;
				INFOPLIST_KEY_UISupportedInterfaceOrientations_iPad = "UIInterfaceOrientationPortrait UIInterfaceOrientationPortraitUpsideDown UIInterfaceOrientationLandscapeLeft UIInterfaceOrientationLandscapeRight";
				INFOPLIST_KEY_UISupportedInterfaceOrientations_iPhone = "UIInterfaceOrientationPortrait UIInterfaceOrientationLandscapeLeft UIInterfaceOrientationLandscapeRight";
				LD_RUNPATH_SEARCH_PATHS = (
					"$(inherited)",
					"@executable_path/Frameworks",
				);
				MARKETING_VERSION = 1.0;
				PRODUCT_BUNDLE_IDENTIFIER = "dev.raphaelmartins.I-am-Rish";
				PRODUCT_NAME = "$(TARGET_NAME)";
				SWIFT_EMIT_LOC_STRINGS = YES;
				SWIFT_VERSION = 5.0;
				TARGETED_DEVICE_FAMILY = "1,2";
			};
			name = Release;
		};
		9ACCE32929F78BA0009E669B /* Debug */ = {
			isa = XCBuildConfiguration;
			buildSettings = {
				ALWAYS_EMBED_SWIFT_STANDARD_LIBRARIES = YES;
				BUNDLE_LOADER = "$(TEST_HOST)";
				CODE_SIGN_STYLE = Automatic;
				CURRENT_PROJECT_VERSION = 1;
				GENERATE_INFOPLIST_FILE = YES;
				IPHONEOS_DEPLOYMENT_TARGET = 16.4;
				MARKETING_VERSION = 1.0;
				PRODUCT_BUNDLE_IDENTIFIER = "dev.raphaelmartins.I-am-RishTests";
				PRODUCT_NAME = "$(TARGET_NAME)";
				SWIFT_EMIT_LOC_STRINGS = NO;
				SWIFT_VERSION = 5.0;
				TARGETED_DEVICE_FAMILY = "1,2";
				TEST_HOST = "$(BUILT_PRODUCTS_DIR)/I am Rish.app/$(BUNDLE_EXECUTABLE_FOLDER_PATH)/I am Rish";
			};
			name = Debug;
		};
		9ACCE32A29F78BA0009E669B /* Release */ = {
			isa = XCBuildConfiguration;
			buildSettings = {
				ALWAYS_EMBED_SWIFT_STANDARD_LIBRARIES = YES;
				BUNDLE_LOADER = "$(TEST_HOST)";
				CODE_SIGN_STYLE = Automatic;
				CURRENT_PROJECT_VERSION = 1;
				GENERATE_INFOPLIST_FILE = YES;
				IPHONEOS_DEPLOYMENT_TARGET = 16.4;
				MARKETING_VERSION = 1.0;
				PRODUCT_BUNDLE_IDENTIFIER = "dev.raphaelmartins.I-am-RishTests";
				PRODUCT_NAME = "$(TARGET_NAME)";
				SWIFT_EMIT_LOC_STRINGS = NO;
				SWIFT_VERSION = 5.0;
				TARGETED_DEVICE_FAMILY = "1,2";
				TEST_HOST = "$(BUILT_PRODUCTS_DIR)/I am Rish.app/$(BUNDLE_EXECUTABLE_FOLDER_PATH)/I am Rish";
			};
			name = Release;
		};
		9ACCE32C29F78BA0009E669B /* Debug */ = {
			isa = XCBuildConfiguration;
			buildSettings = {
				ALWAYS_EMBED_SWIFT_STANDARD_LIBRARIES = YES;
				CODE_SIGN_STYLE = Automatic;
				CURRENT_PROJECT_VERSION = 1;
				GENERATE_INFOPLIST_FILE = YES;
				MARKETING_VERSION = 1.0;
				PRODUCT_BUNDLE_IDENTIFIER = "dev.raphaelmartins.I-am-RishUITests";
				PRODUCT_NAME = "$(TARGET_NAME)";
				SWIFT_EMIT_LOC_STRINGS = NO;
				SWIFT_VERSION = 5.0;
				TARGETED_DEVICE_FAMILY = "1,2";
				TEST_TARGET_NAME = "I am Rish";
			};
			name = Debug;
		};
		9ACCE32D29F78BA0009E669B /* Release */ = {
			isa = XCBuildConfiguration;
			buildSettings = {
				ALWAYS_EMBED_SWIFT_STANDARD_LIBRARIES = YES;
				CODE_SIGN_STYLE = Automatic;
				CURRENT_PROJECT_VERSION = 1;
				GENERATE_INFOPLIST_FILE = YES;
				MARKETING_VERSION = 1.0;
				PRODUCT_BUNDLE_IDENTIFIER = "dev.raphaelmartins.I-am-RishUITests";
				PRODUCT_NAME = "$(TARGET_NAME)";
				SWIFT_EMIT_LOC_STRINGS = NO;
				SWIFT_VERSION = 5.0;
				TARGETED_DEVICE_FAMILY = "1,2";
				TEST_TARGET_NAME = "I am Rish";
			};
			name = Release;
		};
/* End XCBuildConfiguration section */

/* Begin XCConfigurationList section */
		9ACCE2F629F78B9F009E669B /* Build configuration list for PBXProject "I am Rish" */ = {
			isa = XCConfigurationList;
			buildConfigurations = (
				9ACCE32329F78BA0009E669B /* Debug */,
				9ACCE32429F78BA0009E669B /* Release */,
			);
			defaultConfigurationIsVisible = 0;
			defaultConfigurationName = Release;
		};
		9ACCE32529F78BA0009E669B /* Build configuration list for PBXNativeTarget "I am Rish" */ = {
			isa = XCConfigurationList;
			buildConfigurations = (
				9ACCE32629F78BA0009E669B /* Debug */,
				9ACCE32729F78BA0009E669B /* Release */,
			);
			defaultConfigurationIsVisible = 0;
			defaultConfigurationName = Release;
		};
		9ACCE32829F78BA0009E669B /* Build configuration list for PBXNativeTarget "I am RishTests" */ = {
			isa = XCConfigurationList;
			buildConfigurations = (
				9ACCE32929F78BA0009E669B /* Debug */,
				9ACCE32A29F78BA0009E669B /* Release */,
			);
			defaultConfigurationIsVisible = 0;
			defaultConfigurationName = Release;
		};
		9ACCE32B29F78BA0009E669B /* Build configuration list for PBXNativeTarget "I am RishUITests" */ = {
			isa = XCConfigurationList;
			buildConfigurations = (
				9ACCE32C29F78BA0009E669B /* Debug */,
				9ACCE32D29F78BA0009E669B /* Release */,
			);
			defaultConfigurationIsVisible = 0;
			defaultConfigurationName = Release;
		};
/* End XCConfigurationList section */
	};
	rootObject = 9ACCE2F329F78B9F009E669B /* Project object */;
}
